
Microsoft Visual Studio Solution File, Format Version 12.00
# Visual Studio Version 17
VisualStudioVersion = 17.14.36414.22
MinimumVisualStudioVersion = 10.0.40219.1
Project("{FAE04EC0-301F-11D3-BF4B-00C04F79EFBC}") = "BellaAndYehudisProject", "BellaAndYehudisProject\BellaAndYehudisProject.csproj", "{9C8D51E6-0A9B-4A8C-AD46-FF3C5481E1DA}"
EndProject
Project("{FAE04EC0-301F-11D3-BF4B-00C04F79EFBC}") = "UseEntities", "UseEntities\UseEntities.csproj", "{28EF407A-F75D-455E-832A-B178CE3DDB24}"
	ProjectSection(ProjectDependencies) = postProject
		{5A4A38CC-99C7-4B5A-AF51-5D45BA133C20} = {5A4A38CC-99C7-4B5A-AF51-5D45BA133C20}
		{CA91295A-1571-4143-B9A7-BAC87381CB4E} = {CA91295A-1571-4143-B9A7-BAC87381CB4E}
		{DD65FE58-3139-4FC4-B5F5-D7FD55267DA9} = {DD65FE58-3139-4FC4-B5F5-D7FD55267DA9}
	EndProjectSection
EndProject
Project("{FAE04EC0-301F-11D3-BF4B-00C04F79EFBC}") = "Entities", "Entities\Entities.csproj", "{5A4A38CC-99C7-4B5A-AF51-5D45BA133C20}"
EndProject
Project("{FAE04EC0-301F-11D3-BF4B-00C04F79EFBC}") = "DAL", "DAL\DAL.csproj", "{CA91295A-1571-4143-B9A7-BAC87381CB4E}"
	ProjectSection(ProjectDependencies) = postProject
		{5A4A38CC-99C7-4B5A-AF51-5D45BA133C20} = {5A4A38CC-99C7-4B5A-AF51-5D45BA133C20}
	EndProjectSection
EndProject
Project("{FAE04EC0-301F-11D3-BF4B-00C04F79EFBC}") = "BL", "BL\BL.csproj", "{DD65FE58-3139-4FC4-B5F5-D7FD55267DA9}"
	ProjectSection(ProjectDependencies) = postProject
		{5A4A38CC-99C7-4B5A-AF51-5D45BA133C20} = {5A4A38CC-99C7-4B5A-AF51-5D45BA133C20}
		{CA91295A-1571-4143-B9A7-BAC87381CB4E} = {CA91295A-1571-4143-B9A7-BAC87381CB4E}
	EndProjectSection
EndProject
Project("{FAE04EC0-301F-11D3-BF4B-00C04F79EFBC}") = "UI", "UI\UI.csproj", "{115CEC97-DB69-4B72-B6AF-F76B66F9ECCB}"
	ProjectSection(ProjectDependencies) = postProject
		{5A4A38CC-99C7-4B5A-AF51-5D45BA133C20} = {5A4A38CC-99C7-4B5A-AF51-5D45BA133C20}
		{CA91295A-1571-4143-B9A7-BAC87381CB4E} = {CA91295A-1571-4143-B9A7-BAC87381CB4E}
		{DD65FE58-3139-4FC4-B5F5-D7FD55267DA9} = {DD65FE58-3139-4FC4-B5F5-D7FD55267DA9}
	EndProjectSection
EndProject
Global
	GlobalSection(SolutionConfigurationPlatforms) = preSolution
		Debug|Any CPU = Debug|Any CPU
		Release|Any CPU = Release|Any CPU
	EndGlobalSection
	GlobalSection(ProjectConfigurationPlatforms) = postSolution
		{9C8D51E6-0A9B-4A8C-AD46-FF3C5481E1DA}.Debug|Any CPU.ActiveCfg = Debug|Any CPU
		{9C8D51E6-0A9B-4A8C-AD46-FF3C5481E1DA}.Debug|Any CPU.Build.0 = Debug|Any CPU
		{9C8D51E6-0A9B-4A8C-AD46-FF3C5481E1DA}.Release|Any CPU.ActiveCfg = Release|Any CPU
		{9C8D51E6-0A9B-4A8C-AD46-FF3C5481E1DA}.Release|Any CPU.Build.0 = Release|Any CPU
		{28EF407A-F75D-455E-832A-B178CE3DDB24}.Debug|Any CPU.ActiveCfg = Debug|Any CPU
		{28EF407A-F75D-455E-832A-B178CE3DDB24}.Debug|Any CPU.Build.0 = Debug|Any CPU
		{28EF407A-F75D-455E-832A-B178CE3DDB24}.Release|Any CPU.ActiveCfg = Release|Any CPU
		{28EF407A-F75D-455E-832A-B178CE3DDB24}.Release|Any CPU.Build.0 = Release|Any CPU
		{5A4A38CC-99C7-4B5A-AF51-5D45BA133C20}.Debug|Any CPU.ActiveCfg = Debug|Any CPU
		{5A4A38CC-99C7-4B5A-AF51-5D45BA133C20}.Debug|Any CPU.Build.0 = Debug|Any CPU
		{5A4A38CC-99C7-4B5A-AF51-5D45BA133C20}.Release|Any CPU.ActiveCfg = Release|Any CPU
		{5A4A38CC-99C7-4B5A-AF51-5D45BA133C20}.Release|Any CPU.Build.0 = Release|Any CPU
		{CA91295A-1571-4143-B9A7-BAC87381CB4E}.Debug|Any CPU.ActiveCfg = Debug|Any CPU
		{CA91295A-1571-4143-B9A7-BAC87381CB4E}.Debug|Any CPU.Build.0 = Debug|Any CPU
		{CA91295A-1571-4143-B9A7-BAC87381CB4E}.Release|Any CPU.ActiveCfg = Release|Any CPU
		{CA91295A-1571-4143-B9A7-BAC87381CB4E}.Release|Any CPU.Build.0 = Release|Any CPU
		{DD65FE58-3139-4FC4-B5F5-D7FD55267DA9}.Debug|Any CPU.ActiveCfg = Debug|Any CPU
		{DD65FE58-3139-4FC4-B5F5-D7FD55267DA9}.Debug|Any CPU.Build.0 = Debug|Any CPU
		{DD65FE58-3139-4FC4-B5F5-D7FD55267DA9}.Release|Any CPU.ActiveCfg = Release|Any CPU
		{DD65FE58-3139-4FC4-B5F5-D7FD55267DA9}.Release|Any CPU.Build.0 = Release|Any CPU
		{115CEC97-DB69-4B72-B6AF-F76B66F9ECCB}.Debug|Any CPU.ActiveCfg = Debug|Any CPU
		{115CEC97-DB69-4B72-B6AF-F76B66F9ECCB}.Debug|Any CPU.Build.0 = Debug|Any CPU
		{115CEC97-DB69-4B72-B6AF-F76B66F9ECCB}.Release|Any CPU.ActiveCfg = Release|Any CPU
		{115CEC97-DB69-4B72-B6AF-F76B66F9ECCB}.Release|Any CPU.Build.0 = Release|Any CPU
	EndGlobalSection
	GlobalSection(SolutionProperties) = preSolution
		HideSolutionNode = FALSE
	EndGlobalSection
	GlobalSection(ExtensibilityGlobals) = postSolution
		SolutionGuid = {1323B896-17FF-4822-A1D3-086F02886B33}
	EndGlobalSection
EndGlobal
